
Microsoft Visual Studio Solution File, Format Version 12.00
# Visual Studio 14
VisualStudioVersion = 14.0.25420.1
MinimumVisualStudioVersion = 10.0.40219.1
Project("{8BC9CEB8-8B4A-11D0-8D11-00A0C91BC942}") = "Songbase", "app\Songbase.vcxproj", "{20DFF32F-E219-3CCD-B68F-E2259106C4D3}"
	ProjectSection(ProjectDependencies) = postProject
		{44B1A10C-DD2A-45A2-98E0-B9F2CC2FA138} = {44B1A10C-DD2A-45A2-98E0-B9F2CC2FA138}
		{7DA64F11-3171-34B2-B9AB-4A572892314D} = {7DA64F11-3171-34B2-B9AB-4A572892314D}
		{0A18A071-125E-442F-AFF7-A3F68ABECF99} = {0A18A071-125E-442F-AFF7-A3F68ABECF99}
		{4CEFBC83-C215-11DB-8314-0800200C9A66} = {4CEFBC83-C215-11DB-8314-0800200C9A66}
		{46573FB1-D043-4628-A2ED-A3774BB7F213} = {46573FB1-D043-4628-A2ED-A3774BB7F213}
		{8FD826F8-3739-44E6-8CC8-997122E53B8D} = {8FD826F8-3739-44E6-8CC8-997122E53B8D}
	EndProjectSection
EndProject
Project("{8BC9CEB8-8B4A-11D0-8D11-00A0C91BC942}") = "libogg", "libs\libogg-1.3.2\win32\VS2010\libogg_dynamic.vcxproj", "{15CBFEFF-7965-41F5-B4E2-21E8795C9159}"
EndProject
Project("{8BC9CEB8-8B4A-11D0-8D11-00A0C91BC942}") = "libvorbis", "libs\libvorbis-1.3.5\win32\VS2010\libvorbis\libvorbis_dynamic.vcxproj", "{3A214E06-B95E-4D61-A291-1F8DF2EC10FD}"
EndProject
Project("{8BC9CEB8-8B4A-11D0-8D11-00A0C91BC942}") = "libvorbisfile", "libs\libvorbis-1.3.5\win32\VS2010\libvorbisfile\libvorbisfile_dynamic.vcxproj", "{CEBDE98B-A6AA-46E6-BC79-FAAF823DB9EC}"
EndProject
Project("{8BC9CEB8-8B4A-11D0-8D11-00A0C91BC942}") = "portaudio", "libs\portaudio\build\msvc\portaudio.vcxproj", "{0A18A071-125E-442F-AFF7-A3F68ABECF99}"
EndProject
Project("{8BC9CEB8-8B4A-11D0-8D11-00A0C91BC942}") = "libmad", "libs\libmad-0.15.1b\msvc++\libmad.vcxproj", "{46573FB1-D043-4628-A2ED-A3774BB7F213}"
EndProject
Project("{8BC9CEB8-8B4A-11D0-8D11-00A0C91BC942}") = "libid3tag", "libs\libid3tag-0.15.1b\msvc++\libid3tag.vcxproj", "{44B1A10C-DD2A-45A2-98E0-B9F2CC2FA138}"
EndProject
Project("{8BC9CEB8-8B4A-11D0-8D11-00A0C91BC942}") = "zlibvc", "libs\zlib-1.2.11\contrib\vstudio\vc14\zlibvc.vcxproj", "{8FD826F8-3739-44E6-8CC8-997122E53B8D}"
EndProject
Project("{8BC9CEB8-8B4A-11D0-8D11-00A0C91BC942}") = "tag", "libs\taglib-1.11.1\taglib\tag.vcxproj", "{7DA64F11-3171-34B2-B9AB-4A572892314D}"
EndProject
Project("{8BC9CEB8-8B4A-11D0-8D11-00A0C91BC942}") = "libFLAC_dynamic", "libs\flac-1.3.2\src\libFLAC\libFLAC_dynamic.vcxproj", "{4CEFBC83-C215-11DB-8314-0800200C9A66}"
EndProject
Global
	GlobalSection(SolutionConfigurationPlatforms) = preSolution
		Debug|Itanium = Debug|Itanium
		Debug|x64 = Debug|x64
		Debug|x86 = Debug|x86
		MinSizeRel|Itanium = MinSizeRel|Itanium
		MinSizeRel|x64 = MinSizeRel|x64
		MinSizeRel|x86 = MinSizeRel|x86
		Release|Itanium = Release|Itanium
		Release|x64 = Release|x64
		Release|x86 = Release|x86
		ReleaseMinDependency|Itanium = ReleaseMinDependency|Itanium
		ReleaseMinDependency|x64 = ReleaseMinDependency|x64
		ReleaseMinDependency|x86 = ReleaseMinDependency|x86
		ReleaseWithoutAsm|Itanium = ReleaseWithoutAsm|Itanium
		ReleaseWithoutAsm|x64 = ReleaseWithoutAsm|x64
		ReleaseWithoutAsm|x86 = ReleaseWithoutAsm|x86
		RelWithDebInfo|Itanium = RelWithDebInfo|Itanium
		RelWithDebInfo|x64 = RelWithDebInfo|x64
		RelWithDebInfo|x86 = RelWithDebInfo|x86
		Template|Itanium = Template|Itanium
		Template|x64 = Template|x64
		Template|x86 = Template|x86
	EndGlobalSection
	GlobalSection(ProjectConfigurationPlatforms) = postSolution
		{20DFF32F-E219-3CCD-B68F-E2259106C4D3}.Debug|Itanium.ActiveCfg = Debug|x64
		{20DFF32F-E219-3CCD-B68F-E2259106C4D3}.Debug|x64.ActiveCfg = Debug|x64
		{20DFF32F-E219-3CCD-B68F-E2259106C4D3}.Debug|x64.Build.0 = Debug|x64
		{20DFF32F-E219-3CCD-B68F-E2259106C4D3}.Debug|x86.ActiveCfg = Debug|x64
		{20DFF32F-E219-3CCD-B68F-E2259106C4D3}.MinSizeRel|Itanium.ActiveCfg = Release|x64
		{20DFF32F-E219-3CCD-B68F-E2259106C4D3}.MinSizeRel|Itanium.Build.0 = Release|x64
		{20DFF32F-E219-3CCD-B68F-E2259106C4D3}.MinSizeRel|x64.ActiveCfg = Release|x64
		{20DFF32F-E219-3CCD-B68F-E2259106C4D3}.MinSizeRel|x64.Build.0 = Release|x64
		{20DFF32F-E219-3CCD-B68F-E2259106C4D3}.MinSizeRel|x86.ActiveCfg = Release|x64
		{20DFF32F-E219-3CCD-B68F-E2259106C4D3}.MinSizeRel|x86.Build.0 = Release|x64
		{20DFF32F-E219-3CCD-B68F-E2259106C4D3}.Release|Itanium.ActiveCfg = Release|x64
		{20DFF32F-E219-3CCD-B68F-E2259106C4D3}.Release|x64.ActiveCfg = Release|x64
		{20DFF32F-E219-3CCD-B68F-E2259106C4D3}.Release|x64.Build.0 = Release|x64
		{20DFF32F-E219-3CCD-B68F-E2259106C4D3}.Release|x86.ActiveCfg = Release|x64
		{20DFF32F-E219-3CCD-B68F-E2259106C4D3}.ReleaseMinDependency|Itanium.ActiveCfg = Release|x64
		{20DFF32F-E219-3CCD-B68F-E2259106C4D3}.ReleaseMinDependency|Itanium.Build.0 = Release|x64
		{20DFF32F-E219-3CCD-B68F-E2259106C4D3}.ReleaseMinDependency|x64.ActiveCfg = Release|x64
		{20DFF32F-E219-3CCD-B68F-E2259106C4D3}.ReleaseMinDependency|x64.Build.0 = Release|x64
		{20DFF32F-E219-3CCD-B68F-E2259106C4D3}.ReleaseMinDependency|x86.ActiveCfg = Release|x64
		{20DFF32F-E219-3CCD-B68F-E2259106C4D3}.ReleaseMinDependency|x86.Build.0 = Release|x64
		{20DFF32F-E219-3CCD-B68F-E2259106C4D3}.ReleaseWithoutAsm|Itanium.ActiveCfg = Release|x64
		{20DFF32F-E219-3CCD-B68F-E2259106C4D3}.ReleaseWithoutAsm|Itanium.Build.0 = Release|x64
		{20DFF32F-E219-3CCD-B68F-E2259106C4D3}.ReleaseWithoutAsm|x64.ActiveCfg = Release|x64
		{20DFF32F-E219-3CCD-B68F-E2259106C4D3}.ReleaseWithoutAsm|x64.Build.0 = Release|x64
		{20DFF32F-E219-3CCD-B68F-E2259106C4D3}.ReleaseWithoutAsm|x86.ActiveCfg = Release|x64
		{20DFF32F-E219-3CCD-B68F-E2259106C4D3}.ReleaseWithoutAsm|x86.Build.0 = Release|x64
		{20DFF32F-E219-3CCD-B68F-E2259106C4D3}.RelWithDebInfo|Itanium.ActiveCfg = Release|x64
		{20DFF32F-E219-3CCD-B68F-E2259106C4D3}.RelWithDebInfo|Itanium.Build.0 = Release|x64
		{20DFF32F-E219-3CCD-B68F-E2259106C4D3}.RelWithDebInfo|x64.ActiveCfg = Release|x64
		{20DFF32F-E219-3CCD-B68F-E2259106C4D3}.RelWithDebInfo|x64.Build.0 = Release|x64
		{20DFF32F-E219-3CCD-B68F-E2259106C4D3}.RelWithDebInfo|x86.ActiveCfg = Release|x64
		{20DFF32F-E219-3CCD-B68F-E2259106C4D3}.RelWithDebInfo|x86.Build.0 = Release|x64
		{20DFF32F-E219-3CCD-B68F-E2259106C4D3}.Template|Itanium.ActiveCfg = Release|x64
		{20DFF32F-E219-3CCD-B68F-E2259106C4D3}.Template|Itanium.Build.0 = Release|x64
		{20DFF32F-E219-3CCD-B68F-E2259106C4D3}.Template|x64.ActiveCfg = Release|x64
		{20DFF32F-E219-3CCD-B68F-E2259106C4D3}.Template|x64.Build.0 = Release|x64
		{20DFF32F-E219-3CCD-B68F-E2259106C4D3}.Template|x86.ActiveCfg = Release|x64
		{20DFF32F-E219-3CCD-B68F-E2259106C4D3}.Template|x86.Build.0 = Release|x64
		{15CBFEFF-7965-41F5-B4E2-21E8795C9159}.Debug|Itanium.ActiveCfg = Debug|Win32
		{15CBFEFF-7965-41F5-B4E2-21E8795C9159}.Debug|x64.ActiveCfg = Debug|x64
		{15CBFEFF-7965-41F5-B4E2-21E8795C9159}.Debug|x64.Build.0 = Debug|x64
		{15CBFEFF-7965-41F5-B4E2-21E8795C9159}.Debug|x86.ActiveCfg = Debug|Win32
		{15CBFEFF-7965-41F5-B4E2-21E8795C9159}.Debug|x86.Build.0 = Debug|Win32
		{15CBFEFF-7965-41F5-B4E2-21E8795C9159}.MinSizeRel|Itanium.ActiveCfg = Release|x64
		{15CBFEFF-7965-41F5-B4E2-21E8795C9159}.MinSizeRel|Itanium.Build.0 = Release|x64
		{15CBFEFF-7965-41F5-B4E2-21E8795C9159}.MinSizeRel|x64.ActiveCfg = Release|x64
		{15CBFEFF-7965-41F5-B4E2-21E8795C9159}.MinSizeRel|x64.Build.0 = Release|x64
		{15CBFEFF-7965-41F5-B4E2-21E8795C9159}.MinSizeRel|x86.ActiveCfg = Release|Win32
		{15CBFEFF-7965-41F5-B4E2-21E8795C9159}.MinSizeRel|x86.Build.0 = Release|Win32
		{15CBFEFF-7965-41F5-B4E2-21E8795C9159}.Release|Itanium.ActiveCfg = Release|Win32
		{15CBFEFF-7965-41F5-B4E2-21E8795C9159}.Release|x64.ActiveCfg = Release|x64
		{15CBFEFF-7965-41F5-B4E2-21E8795C9159}.Release|x64.Build.0 = Release|x64
		{15CBFEFF-7965-41F5-B4E2-21E8795C9159}.Release|x86.ActiveCfg = Release|Win32
		{15CBFEFF-7965-41F5-B4E2-21E8795C9159}.Release|x86.Build.0 = Release|Win32
		{15CBFEFF-7965-41F5-B4E2-21E8795C9159}.ReleaseMinDependency|Itanium.ActiveCfg = Release|x64
		{15CBFEFF-7965-41F5-B4E2-21E8795C9159}.ReleaseMinDependency|Itanium.Build.0 = Release|x64
		{15CBFEFF-7965-41F5-B4E2-21E8795C9159}.ReleaseMinDependency|x64.ActiveCfg = Release|x64
		{15CBFEFF-7965-41F5-B4E2-21E8795C9159}.ReleaseMinDependency|x64.Build.0 = Release|x64
		{15CBFEFF-7965-41F5-B4E2-21E8795C9159}.ReleaseMinDependency|x86.ActiveCfg = Release|Win32
		{15CBFEFF-7965-41F5-B4E2-21E8795C9159}.ReleaseMinDependency|x86.Build.0 = Release|Win32
		{15CBFEFF-7965-41F5-B4E2-21E8795C9159}.ReleaseWithoutAsm|Itanium.ActiveCfg = Release|x64
		{15CBFEFF-7965-41F5-B4E2-21E8795C9159}.ReleaseWithoutAsm|Itanium.Build.0 = Release|x64
		{15CBFEFF-7965-41F5-B4E2-21E8795C9159}.ReleaseWithoutAsm|x64.ActiveCfg = Release|x64
		{15CBFEFF-7965-41F5-B4E2-21E8795C9159}.ReleaseWithoutAsm|x64.Build.0 = Release|x64
		{15CBFEFF-7965-41F5-B4E2-21E8795C9159}.ReleaseWithoutAsm|x86.ActiveCfg = Release|Win32
		{15CBFEFF-7965-41F5-B4E2-21E8795C9159}.ReleaseWithoutAsm|x86.Build.0 = Release|Win32
		{15CBFEFF-7965-41F5-B4E2-21E8795C9159}.RelWithDebInfo|Itanium.ActiveCfg = Release|x64
		{15CBFEFF-7965-41F5-B4E2-21E8795C9159}.RelWithDebInfo|Itanium.Build.0 = Release|x64
		{15CBFEFF-7965-41F5-B4E2-21E8795C9159}.RelWithDebInfo|x64.ActiveCfg = Release|x64
		{15CBFEFF-7965-41F5-B4E2-21E8795C9159}.RelWithDebInfo|x64.Build.0 = Release|x64
		{15CBFEFF-7965-41F5-B4E2-21E8795C9159}.RelWithDebInfo|x86.ActiveCfg = Release|Win32
		{15CBFEFF-7965-41F5-B4E2-21E8795C9159}.RelWithDebInfo|x86.Build.0 = Release|Win32
		{15CBFEFF-7965-41F5-B4E2-21E8795C9159}.Template|Itanium.ActiveCfg = Release|x64
		{15CBFEFF-7965-41F5-B4E2-21E8795C9159}.Template|Itanium.Build.0 = Release|x64
		{15CBFEFF-7965-41F5-B4E2-21E8795C9159}.Template|x64.ActiveCfg = Release|x64
		{15CBFEFF-7965-41F5-B4E2-21E8795C9159}.Template|x64.Build.0 = Release|x64
		{15CBFEFF-7965-41F5-B4E2-21E8795C9159}.Template|x86.ActiveCfg = Release|Win32
		{15CBFEFF-7965-41F5-B4E2-21E8795C9159}.Template|x86.Build.0 = Release|Win32
		{3A214E06-B95E-4D61-A291-1F8DF2EC10FD}.Debug|Itanium.ActiveCfg = Debug|Win32
		{3A214E06-B95E-4D61-A291-1F8DF2EC10FD}.Debug|x64.ActiveCfg = Debug|x64
		{3A214E06-B95E-4D61-A291-1F8DF2EC10FD}.Debug|x64.Build.0 = Debug|x64
		{3A214E06-B95E-4D61-A291-1F8DF2EC10FD}.Debug|x86.ActiveCfg = Debug|Win32
		{3A214E06-B95E-4D61-A291-1F8DF2EC10FD}.Debug|x86.Build.0 = Debug|Win32
		{3A214E06-B95E-4D61-A291-1F8DF2EC10FD}.MinSizeRel|Itanium.ActiveCfg = Release|x64
		{3A214E06-B95E-4D61-A291-1F8DF2EC10FD}.MinSizeRel|Itanium.Build.0 = Release|x64
		{3A214E06-B95E-4D61-A291-1F8DF2EC10FD}.MinSizeRel|x64.ActiveCfg = Release|x64
		{3A214E06-B95E-4D61-A291-1F8DF2EC10FD}.MinSizeRel|x64.Build.0 = Release|x64
		{3A214E06-B95E-4D61-A291-1F8DF2EC10FD}.MinSizeRel|x86.ActiveCfg = Release|Win32
		{3A214E06-B95E-4D61-A291-1F8DF2EC10FD}.MinSizeRel|x86.Build.0 = Release|Win32
		{3A214E06-B95E-4D61-A291-1F8DF2EC10FD}.Release|Itanium.ActiveCfg = Release|Win32
		{3A214E06-B95E-4D61-A291-1F8DF2EC10FD}.Release|x64.ActiveCfg = Release|x64
		{3A214E06-B95E-4D61-A291-1F8DF2EC10FD}.Release|x64.Build.0 = Release|x64
		{3A214E06-B95E-4D61-A291-1F8DF2EC10FD}.Release|x86.ActiveCfg = Release|Win32
		{3A214E06-B95E-4D61-A291-1F8DF2EC10FD}.Release|x86.Build.0 = Release|Win32
		{3A214E06-B95E-4D61-A291-1F8DF2EC10FD}.ReleaseMinDependency|Itanium.ActiveCfg = Release|x64
		{3A214E06-B95E-4D61-A291-1F8DF2EC10FD}.ReleaseMinDependency|Itanium.Build.0 = Release|x64
		{3A214E06-B95E-4D61-A291-1F8DF2EC10FD}.ReleaseMinDependency|x64.ActiveCfg = Release|x64
		{3A214E06-B95E-4D61-A291-1F8DF2EC10FD}.ReleaseMinDependency|x64.Build.0 = Release|x64
		{3A214E06-B95E-4D61-A291-1F8DF2EC10FD}.ReleaseMinDependency|x86.ActiveCfg = Release|Win32
		{3A214E06-B95E-4D61-A291-1F8DF2EC10FD}.ReleaseMinDependency|x86.Build.0 = Release|Win32
		{3A214E06-B95E-4D61-A291-1F8DF2EC10FD}.ReleaseWithoutAsm|Itanium.ActiveCfg = Release|x64
		{3A214E06-B95E-4D61-A291-1F8DF2EC10FD}.ReleaseWithoutAsm|Itanium.Build.0 = Release|x64
		{3A214E06-B95E-4D61-A291-1F8DF2EC10FD}.ReleaseWithoutAsm|x64.ActiveCfg = Release|x64
		{3A214E06-B95E-4D61-A291-1F8DF2EC10FD}.ReleaseWithoutAsm|x64.Build.0 = Release|x64
		{3A214E06-B95E-4D61-A291-1F8DF2EC10FD}.ReleaseWithoutAsm|x86.ActiveCfg = Release|Win32
		{3A214E06-B95E-4D61-A291-1F8DF2EC10FD}.ReleaseWithoutAsm|x86.Build.0 = Release|Win32
		{3A214E06-B95E-4D61-A291-1F8DF2EC10FD}.RelWithDebInfo|Itanium.ActiveCfg = Release|x64
		{3A214E06-B95E-4D61-A291-1F8DF2EC10FD}.RelWithDebInfo|Itanium.Build.0 = Release|x64
		{3A214E06-B95E-4D61-A291-1F8DF2EC10FD}.RelWithDebInfo|x64.ActiveCfg = Release|x64
		{3A214E06-B95E-4D61-A291-1F8DF2EC10FD}.RelWithDebInfo|x64.Build.0 = Release|x64
		{3A214E06-B95E-4D61-A291-1F8DF2EC10FD}.RelWithDebInfo|x86.ActiveCfg = Release|Win32
		{3A214E06-B95E-4D61-A291-1F8DF2EC10FD}.RelWithDebInfo|x86.Build.0 = Release|Win32
		{3A214E06-B95E-4D61-A291-1F8DF2EC10FD}.Template|Itanium.ActiveCfg = Release|x64
		{3A214E06-B95E-4D61-A291-1F8DF2EC10FD}.Template|Itanium.Build.0 = Release|x64
		{3A214E06-B95E-4D61-A291-1F8DF2EC10FD}.Template|x64.ActiveCfg = Release|x64
		{3A214E06-B95E-4D61-A291-1F8DF2EC10FD}.Template|x64.Build.0 = Release|x64
		{3A214E06-B95E-4D61-A291-1F8DF2EC10FD}.Template|x86.ActiveCfg = Release|Win32
		{3A214E06-B95E-4D61-A291-1F8DF2EC10FD}.Template|x86.Build.0 = Release|Win32
		{CEBDE98B-A6AA-46E6-BC79-FAAF823DB9EC}.Debug|Itanium.ActiveCfg = Debug|Win32
		{CEBDE98B-A6AA-46E6-BC79-FAAF823DB9EC}.Debug|x64.ActiveCfg = Debug|x64
		{CEBDE98B-A6AA-46E6-BC79-FAAF823DB9EC}.Debug|x64.Build.0 = Debug|x64
		{CEBDE98B-A6AA-46E6-BC79-FAAF823DB9EC}.Debug|x86.ActiveCfg = Debug|Win32
		{CEBDE98B-A6AA-46E6-BC79-FAAF823DB9EC}.Debug|x86.Build.0 = Debug|Win32
		{CEBDE98B-A6AA-46E6-BC79-FAAF823DB9EC}.MinSizeRel|Itanium.ActiveCfg = Release|x64
		{CEBDE98B-A6AA-46E6-BC79-FAAF823DB9EC}.MinSizeRel|Itanium.Build.0 = Release|x64
		{CEBDE98B-A6AA-46E6-BC79-FAAF823DB9EC}.MinSizeRel|x64.ActiveCfg = Release|x64
		{CEBDE98B-A6AA-46E6-BC79-FAAF823DB9EC}.MinSizeRel|x64.Build.0 = Release|x64
		{CEBDE98B-A6AA-46E6-BC79-FAAF823DB9EC}.MinSizeRel|x86.ActiveCfg = Release|Win32
		{CEBDE98B-A6AA-46E6-BC79-FAAF823DB9EC}.MinSizeRel|x86.Build.0 = Release|Win32
		{CEBDE98B-A6AA-46E6-BC79-FAAF823DB9EC}.Release|Itanium.ActiveCfg = Release|Win32
		{CEBDE98B-A6AA-46E6-BC79-FAAF823DB9EC}.Release|x64.ActiveCfg = Release|x64
		{CEBDE98B-A6AA-46E6-BC79-FAAF823DB9EC}.Release|x64.Build.0 = Release|x64
		{CEBDE98B-A6AA-46E6-BC79-FAAF823DB9EC}.Release|x86.ActiveCfg = Release|Win32
		{CEBDE98B-A6AA-46E6-BC79-FAAF823DB9EC}.Release|x86.Build.0 = Release|Win32
		{CEBDE98B-A6AA-46E6-BC79-FAAF823DB9EC}.ReleaseMinDependency|Itanium.ActiveCfg = Release|x64
		{CEBDE98B-A6AA-46E6-BC79-FAAF823DB9EC}.ReleaseMinDependency|Itanium.Build.0 = Release|x64
		{CEBDE98B-A6AA-46E6-BC79-FAAF823DB9EC}.ReleaseMinDependency|x64.ActiveCfg = Release|x64
		{CEBDE98B-A6AA-46E6-BC79-FAAF823DB9EC}.ReleaseMinDependency|x64.Build.0 = Release|x64
		{CEBDE98B-A6AA-46E6-BC79-FAAF823DB9EC}.ReleaseMinDependency|x86.ActiveCfg = Release|Win32
		{CEBDE98B-A6AA-46E6-BC79-FAAF823DB9EC}.ReleaseMinDependency|x86.Build.0 = Release|Win32
		{CEBDE98B-A6AA-46E6-BC79-FAAF823DB9EC}.ReleaseWithoutAsm|Itanium.ActiveCfg = Release|x64
		{CEBDE98B-A6AA-46E6-BC79-FAAF823DB9EC}.ReleaseWithoutAsm|Itanium.Build.0 = Release|x64
		{CEBDE98B-A6AA-46E6-BC79-FAAF823DB9EC}.ReleaseWithoutAsm|x64.ActiveCfg = Release|x64
		{CEBDE98B-A6AA-46E6-BC79-FAAF823DB9EC}.ReleaseWithoutAsm|x64.Build.0 = Release|x64
		{CEBDE98B-A6AA-46E6-BC79-FAAF823DB9EC}.ReleaseWithoutAsm|x86.ActiveCfg = Release|Win32
		{CEBDE98B-A6AA-46E6-BC79-FAAF823DB9EC}.ReleaseWithoutAsm|x86.Build.0 = Release|Win32
		{CEBDE98B-A6AA-46E6-BC79-FAAF823DB9EC}.RelWithDebInfo|Itanium.ActiveCfg = Release|x64
		{CEBDE98B-A6AA-46E6-BC79-FAAF823DB9EC}.RelWithDebInfo|Itanium.Build.0 = Release|x64
		{CEBDE98B-A6AA-46E6-BC79-FAAF823DB9EC}.RelWithDebInfo|x64.ActiveCfg = Release|x64
		{CEBDE98B-A6AA-46E6-BC79-FAAF823DB9EC}.RelWithDebInfo|x64.Build.0 = Release|x64
		{CEBDE98B-A6AA-46E6-BC79-FAAF823DB9EC}.RelWithDebInfo|x86.ActiveCfg = Release|Win32
		{CEBDE98B-A6AA-46E6-BC79-FAAF823DB9EC}.RelWithDebInfo|x86.Build.0 = Release|Win32
		{CEBDE98B-A6AA-46E6-BC79-FAAF823DB9EC}.Template|Itanium.ActiveCfg = Release|x64
		{CEBDE98B-A6AA-46E6-BC79-FAAF823DB9EC}.Template|Itanium.Build.0 = Release|x64
		{CEBDE98B-A6AA-46E6-BC79-FAAF823DB9EC}.Template|x64.ActiveCfg = Release|x64
		{CEBDE98B-A6AA-46E6-BC79-FAAF823DB9EC}.Template|x64.Build.0 = Release|x64
		{CEBDE98B-A6AA-46E6-BC79-FAAF823DB9EC}.Template|x86.ActiveCfg = Release|Win32
		{CEBDE98B-A6AA-46E6-BC79-FAAF823DB9EC}.Template|x86.Build.0 = Release|Win32
		{0A18A071-125E-442F-AFF7-A3F68ABECF99}.Debug|Itanium.ActiveCfg = Debug|Win32
		{0A18A071-125E-442F-AFF7-A3F68ABECF99}.Debug|x64.ActiveCfg = Debug|x64
		{0A18A071-125E-442F-AFF7-A3F68ABECF99}.Debug|x64.Build.0 = Debug|x64
		{0A18A071-125E-442F-AFF7-A3F68ABECF99}.Debug|x86.ActiveCfg = Debug|Win32
		{0A18A071-125E-442F-AFF7-A3F68ABECF99}.Debug|x86.Build.0 = Debug|Win32
		{0A18A071-125E-442F-AFF7-A3F68ABECF99}.MinSizeRel|Itanium.ActiveCfg = ReleaseMinDependency|Win32
		{0A18A071-125E-442F-AFF7-A3F68ABECF99}.MinSizeRel|Itanium.Build.0 = ReleaseMinDependency|Win32
		{0A18A071-125E-442F-AFF7-A3F68ABECF99}.MinSizeRel|x64.ActiveCfg = ReleaseMinDependency|x64
		{0A18A071-125E-442F-AFF7-A3F68ABECF99}.MinSizeRel|x64.Build.0 = ReleaseMinDependency|x64
		{0A18A071-125E-442F-AFF7-A3F68ABECF99}.MinSizeRel|x86.ActiveCfg = ReleaseMinDependency|Win32
		{0A18A071-125E-442F-AFF7-A3F68ABECF99}.MinSizeRel|x86.Build.0 = ReleaseMinDependency|Win32
		{0A18A071-125E-442F-AFF7-A3F68ABECF99}.Release|Itanium.ActiveCfg = Release|Win32
		{0A18A071-125E-442F-AFF7-A3F68ABECF99}.Release|x64.ActiveCfg = Release|x64
		{0A18A071-125E-442F-AFF7-A3F68ABECF99}.Release|x64.Build.0 = Release|x64
		{0A18A071-125E-442F-AFF7-A3F68ABECF99}.Release|x86.ActiveCfg = Release|Win32
		{0A18A071-125E-442F-AFF7-A3F68ABECF99}.Release|x86.Build.0 = Release|Win32
		{0A18A071-125E-442F-AFF7-A3F68ABECF99}.ReleaseMinDependency|Itanium.ActiveCfg = ReleaseMinDependency|Win32
		{0A18A071-125E-442F-AFF7-A3F68ABECF99}.ReleaseMinDependency|x64.ActiveCfg = ReleaseMinDependency|x64
		{0A18A071-125E-442F-AFF7-A3F68ABECF99}.ReleaseMinDependency|x64.Build.0 = ReleaseMinDependency|x64
		{0A18A071-125E-442F-AFF7-A3F68ABECF99}.ReleaseMinDependency|x86.ActiveCfg = ReleaseMinDependency|Win32
		{0A18A071-125E-442F-AFF7-A3F68ABECF99}.ReleaseMinDependency|x86.Build.0 = ReleaseMinDependency|Win32
		{0A18A071-125E-442F-AFF7-A3F68ABECF99}.ReleaseWithoutAsm|Itanium.ActiveCfg = ReleaseMinDependency|Win32
		{0A18A071-125E-442F-AFF7-A3F68ABECF99}.ReleaseWithoutAsm|Itanium.Build.0 = ReleaseMinDependency|Win32
		{0A18A071-125E-442F-AFF7-A3F68ABECF99}.ReleaseWithoutAsm|x64.ActiveCfg = ReleaseMinDependency|x64
		{0A18A071-125E-442F-AFF7-A3F68ABECF99}.ReleaseWithoutAsm|x64.Build.0 = ReleaseMinDependency|x64
		{0A18A071-125E-442F-AFF7-A3F68ABECF99}.ReleaseWithoutAsm|x86.ActiveCfg = ReleaseMinDependency|Win32
		{0A18A071-125E-442F-AFF7-A3F68ABECF99}.ReleaseWithoutAsm|x86.Build.0 = ReleaseMinDependency|Win32
		{0A18A071-125E-442F-AFF7-A3F68ABECF99}.RelWithDebInfo|Itanium.ActiveCfg = ReleaseMinDependency|Win32
		{0A18A071-125E-442F-AFF7-A3F68ABECF99}.RelWithDebInfo|Itanium.Build.0 = ReleaseMinDependency|Win32
		{0A18A071-125E-442F-AFF7-A3F68ABECF99}.RelWithDebInfo|x64.ActiveCfg = ReleaseMinDependency|x64
		{0A18A071-125E-442F-AFF7-A3F68ABECF99}.RelWithDebInfo|x64.Build.0 = ReleaseMinDependency|x64
		{0A18A071-125E-442F-AFF7-A3F68ABECF99}.RelWithDebInfo|x86.ActiveCfg = ReleaseMinDependency|Win32
		{0A18A071-125E-442F-AFF7-A3F68ABECF99}.RelWithDebInfo|x86.Build.0 = ReleaseMinDependency|Win32
		{0A18A071-125E-442F-AFF7-A3F68ABECF99}.Template|Itanium.ActiveCfg = ReleaseMinDependency|Win32
		{0A18A071-125E-442F-AFF7-A3F68ABECF99}.Template|Itanium.Build.0 = ReleaseMinDependency|Win32
		{0A18A071-125E-442F-AFF7-A3F68ABECF99}.Template|x64.ActiveCfg = ReleaseMinDependency|x64
		{0A18A071-125E-442F-AFF7-A3F68ABECF99}.Template|x64.Build.0 = ReleaseMinDependency|x64
		{0A18A071-125E-442F-AFF7-A3F68ABECF99}.Template|x86.ActiveCfg = ReleaseMinDependency|Win32
		{0A18A071-125E-442F-AFF7-A3F68ABECF99}.Template|x86.Build.0 = ReleaseMinDependency|Win32
		{46573FB1-D043-4628-A2ED-A3774BB7F213}.Debug|Itanium.ActiveCfg = Debug|Win32
		{46573FB1-D043-4628-A2ED-A3774BB7F213}.Debug|x64.ActiveCfg = Debug|x64
		{46573FB1-D043-4628-A2ED-A3774BB7F213}.Debug|x64.Build.0 = Debug|x64
		{46573FB1-D043-4628-A2ED-A3774BB7F213}.Debug|x86.ActiveCfg = Debug|Win32
		{46573FB1-D043-4628-A2ED-A3774BB7F213}.Debug|x86.Build.0 = Debug|Win32
		{46573FB1-D043-4628-A2ED-A3774BB7F213}.MinSizeRel|Itanium.ActiveCfg = Release|Win32
		{46573FB1-D043-4628-A2ED-A3774BB7F213}.MinSizeRel|Itanium.Build.0 = Release|Win32
		{46573FB1-D043-4628-A2ED-A3774BB7F213}.MinSizeRel|x64.ActiveCfg = Release|Win32
		{46573FB1-D043-4628-A2ED-A3774BB7F213}.MinSizeRel|x64.Build.0 = Release|Win32
		{46573FB1-D043-4628-A2ED-A3774BB7F213}.MinSizeRel|x86.ActiveCfg = Release|Win32
		{46573FB1-D043-4628-A2ED-A3774BB7F213}.MinSizeRel|x86.Build.0 = Release|Win32
		{46573FB1-D043-4628-A2ED-A3774BB7F213}.Release|Itanium.ActiveCfg = Release|Win32
		{46573FB1-D043-4628-A2ED-A3774BB7F213}.Release|x64.ActiveCfg = Release|Win32
		{46573FB1-D043-4628-A2ED-A3774BB7F213}.Release|x64.Build.0 = Release|Win32
		{46573FB1-D043-4628-A2ED-A3774BB7F213}.Release|x86.ActiveCfg = Release|Win32
		{46573FB1-D043-4628-A2ED-A3774BB7F213}.Release|x86.Build.0 = Release|Win32
		{46573FB1-D043-4628-A2ED-A3774BB7F213}.ReleaseMinDependency|Itanium.ActiveCfg = Release|Win32
		{46573FB1-D043-4628-A2ED-A3774BB7F213}.ReleaseMinDependency|Itanium.Build.0 = Release|Win32
		{46573FB1-D043-4628-A2ED-A3774BB7F213}.ReleaseMinDependency|x64.ActiveCfg = Release|Win32
		{46573FB1-D043-4628-A2ED-A3774BB7F213}.ReleaseMinDependency|x64.Build.0 = Release|Win32
		{46573FB1-D043-4628-A2ED-A3774BB7F213}.ReleaseMinDependency|x86.ActiveCfg = Release|Win32
		{46573FB1-D043-4628-A2ED-A3774BB7F213}.ReleaseMinDependency|x86.Build.0 = Release|Win32
		{46573FB1-D043-4628-A2ED-A3774BB7F213}.ReleaseWithoutAsm|Itanium.ActiveCfg = Release|Win32
		{46573FB1-D043-4628-A2ED-A3774BB7F213}.ReleaseWithoutAsm|Itanium.Build.0 = Release|Win32
		{46573FB1-D043-4628-A2ED-A3774BB7F213}.ReleaseWithoutAsm|x64.ActiveCfg = Release|Win32
		{46573FB1-D043-4628-A2ED-A3774BB7F213}.ReleaseWithoutAsm|x64.Build.0 = Release|Win32
		{46573FB1-D043-4628-A2ED-A3774BB7F213}.ReleaseWithoutAsm|x86.ActiveCfg = Release|Win32
		{46573FB1-D043-4628-A2ED-A3774BB7F213}.ReleaseWithoutAsm|x86.Build.0 = Release|Win32
		{46573FB1-D043-4628-A2ED-A3774BB7F213}.RelWithDebInfo|Itanium.ActiveCfg = Release|Win32
		{46573FB1-D043-4628-A2ED-A3774BB7F213}.RelWithDebInfo|Itanium.Build.0 = Release|Win32
		{46573FB1-D043-4628-A2ED-A3774BB7F213}.RelWithDebInfo|x64.ActiveCfg = Release|Win32
		{46573FB1-D043-4628-A2ED-A3774BB7F213}.RelWithDebInfo|x64.Build.0 = Release|Win32
		{46573FB1-D043-4628-A2ED-A3774BB7F213}.RelWithDebInfo|x86.ActiveCfg = Release|Win32
		{46573FB1-D043-4628-A2ED-A3774BB7F213}.RelWithDebInfo|x86.Build.0 = Release|Win32
		{46573FB1-D043-4628-A2ED-A3774BB7F213}.Template|Itanium.ActiveCfg = Release|Win32
		{46573FB1-D043-4628-A2ED-A3774BB7F213}.Template|Itanium.Build.0 = Release|Win32
		{46573FB1-D043-4628-A2ED-A3774BB7F213}.Template|x64.ActiveCfg = Release|Win32
		{46573FB1-D043-4628-A2ED-A3774BB7F213}.Template|x64.Build.0 = Release|Win32
		{46573FB1-D043-4628-A2ED-A3774BB7F213}.Template|x86.ActiveCfg = Release|Win32
		{46573FB1-D043-4628-A2ED-A3774BB7F213}.Template|x86.Build.0 = Release|Win32
		{44B1A10C-DD2A-45A2-98E0-B9F2CC2FA138}.Debug|Itanium.ActiveCfg = Debug|Win32
		{44B1A10C-DD2A-45A2-98E0-B9F2CC2FA138}.Debug|x64.ActiveCfg = Debug|x64
		{44B1A10C-DD2A-45A2-98E0-B9F2CC2FA138}.Debug|x64.Build.0 = Debug|x64
		{44B1A10C-DD2A-45A2-98E0-B9F2CC2FA138}.Debug|x86.ActiveCfg = Debug|Win32
		{44B1A10C-DD2A-45A2-98E0-B9F2CC2FA138}.Debug|x86.Build.0 = Debug|Win32
		{44B1A10C-DD2A-45A2-98E0-B9F2CC2FA138}.MinSizeRel|Itanium.ActiveCfg = Template|Win32
		{44B1A10C-DD2A-45A2-98E0-B9F2CC2FA138}.MinSizeRel|Itanium.Build.0 = Template|Win32
		{44B1A10C-DD2A-45A2-98E0-B9F2CC2FA138}.MinSizeRel|x64.ActiveCfg = Template|Win32
		{44B1A10C-DD2A-45A2-98E0-B9F2CC2FA138}.MinSizeRel|x64.Build.0 = Template|Win32
		{44B1A10C-DD2A-45A2-98E0-B9F2CC2FA138}.MinSizeRel|x86.ActiveCfg = Template|Win32
		{44B1A10C-DD2A-45A2-98E0-B9F2CC2FA138}.MinSizeRel|x86.Build.0 = Template|Win32
		{44B1A10C-DD2A-45A2-98E0-B9F2CC2FA138}.Release|Itanium.ActiveCfg = Release|Win32
		{44B1A10C-DD2A-45A2-98E0-B9F2CC2FA138}.Release|x64.ActiveCfg = Release|x64
		{44B1A10C-DD2A-45A2-98E0-B9F2CC2FA138}.Release|x64.Build.0 = Release|x64
		{44B1A10C-DD2A-45A2-98E0-B9F2CC2FA138}.Release|x86.ActiveCfg = Release|Win32
		{44B1A10C-DD2A-45A2-98E0-B9F2CC2FA138}.Release|x86.Build.0 = Release|Win32
		{44B1A10C-DD2A-45A2-98E0-B9F2CC2FA138}.ReleaseMinDependency|Itanium.ActiveCfg = Template|Win32
		{44B1A10C-DD2A-45A2-98E0-B9F2CC2FA138}.ReleaseMinDependency|Itanium.Build.0 = Template|Win32
		{44B1A10C-DD2A-45A2-98E0-B9F2CC2FA138}.ReleaseMinDependency|x64.ActiveCfg = Template|Win32
		{44B1A10C-DD2A-45A2-98E0-B9F2CC2FA138}.ReleaseMinDependency|x64.Build.0 = Template|Win32
		{44B1A10C-DD2A-45A2-98E0-B9F2CC2FA138}.ReleaseMinDependency|x86.ActiveCfg = Release|Win32
		{44B1A10C-DD2A-45A2-98E0-B9F2CC2FA138}.ReleaseMinDependency|x86.Build.0 = Release|Win32
		{44B1A10C-DD2A-45A2-98E0-B9F2CC2FA138}.ReleaseWithoutAsm|Itanium.ActiveCfg = Template|Win32
		{44B1A10C-DD2A-45A2-98E0-B9F2CC2FA138}.ReleaseWithoutAsm|Itanium.Build.0 = Template|Win32
		{44B1A10C-DD2A-45A2-98E0-B9F2CC2FA138}.ReleaseWithoutAsm|x64.ActiveCfg = Template|Win32
		{44B1A10C-DD2A-45A2-98E0-B9F2CC2FA138}.ReleaseWithoutAsm|x64.Build.0 = Template|Win32
		{44B1A10C-DD2A-45A2-98E0-B9F2CC2FA138}.ReleaseWithoutAsm|x86.ActiveCfg = Release|Win32
		{44B1A10C-DD2A-45A2-98E0-B9F2CC2FA138}.ReleaseWithoutAsm|x86.Build.0 = Release|Win32
		{44B1A10C-DD2A-45A2-98E0-B9F2CC2FA138}.RelWithDebInfo|Itanium.ActiveCfg = Template|Win32
		{44B1A10C-DD2A-45A2-98E0-B9F2CC2FA138}.RelWithDebInfo|Itanium.Build.0 = Template|Win32
		{44B1A10C-DD2A-45A2-98E0-B9F2CC2FA138}.RelWithDebInfo|x64.ActiveCfg = Template|Win32
		{44B1A10C-DD2A-45A2-98E0-B9F2CC2FA138}.RelWithDebInfo|x64.Build.0 = Template|Win32
		{44B1A10C-DD2A-45A2-98E0-B9F2CC2FA138}.RelWithDebInfo|x86.ActiveCfg = Release|Win32
		{44B1A10C-DD2A-45A2-98E0-B9F2CC2FA138}.RelWithDebInfo|x86.Build.0 = Release|Win32
		{44B1A10C-DD2A-45A2-98E0-B9F2CC2FA138}.Template|Itanium.ActiveCfg = Template|Win32
		{44B1A10C-DD2A-45A2-98E0-B9F2CC2FA138}.Template|x64.ActiveCfg = Template|Win32
		{44B1A10C-DD2A-45A2-98E0-B9F2CC2FA138}.Template|x86.ActiveCfg = Template|Win32
		{44B1A10C-DD2A-45A2-98E0-B9F2CC2FA138}.Template|x86.Build.0 = Template|Win32
		{8FD826F8-3739-44E6-8CC8-997122E53B8D}.Debug|Itanium.ActiveCfg = Debug|Itanium
		{8FD826F8-3739-44E6-8CC8-997122E53B8D}.Debug|Itanium.Build.0 = Debug|Itanium
		{8FD826F8-3739-44E6-8CC8-997122E53B8D}.Debug|x64.ActiveCfg = Debug|x64
		{8FD826F8-3739-44E6-8CC8-997122E53B8D}.Debug|x64.Build.0 = Debug|x64
		{8FD826F8-3739-44E6-8CC8-997122E53B8D}.Debug|x86.ActiveCfg = Debug|Win32
		{8FD826F8-3739-44E6-8CC8-997122E53B8D}.Debug|x86.Build.0 = Debug|Win32
		{8FD826F8-3739-44E6-8CC8-997122E53B8D}.MinSizeRel|Itanium.ActiveCfg = ReleaseWithoutAsm|Itanium
		{8FD826F8-3739-44E6-8CC8-997122E53B8D}.MinSizeRel|Itanium.Build.0 = ReleaseWithoutAsm|Itanium
		{8FD826F8-3739-44E6-8CC8-997122E53B8D}.MinSizeRel|x64.ActiveCfg = Release|x64
		{8FD826F8-3739-44E6-8CC8-997122E53B8D}.MinSizeRel|x64.Build.0 = Release|x64
		{8FD826F8-3739-44E6-8CC8-997122E53B8D}.MinSizeRel|x86.ActiveCfg = Release|Win32
		{8FD826F8-3739-44E6-8CC8-997122E53B8D}.MinSizeRel|x86.Build.0 = Release|Win32
		{8FD826F8-3739-44E6-8CC8-997122E53B8D}.Release|Itanium.ActiveCfg = Release|Itanium
		{8FD826F8-3739-44E6-8CC8-997122E53B8D}.Release|Itanium.Build.0 = Release|Itanium
		{8FD826F8-3739-44E6-8CC8-997122E53B8D}.Release|x64.ActiveCfg = Release|x64
		{8FD826F8-3739-44E6-8CC8-997122E53B8D}.Release|x64.Build.0 = Release|x64
		{8FD826F8-3739-44E6-8CC8-997122E53B8D}.Release|x86.ActiveCfg = Release|Win32
		{8FD826F8-3739-44E6-8CC8-997122E53B8D}.Release|x86.Build.0 = Release|Win32
		{8FD826F8-3739-44E6-8CC8-997122E53B8D}.ReleaseMinDependency|Itanium.ActiveCfg = ReleaseWithoutAsm|Itanium
		{8FD826F8-3739-44E6-8CC8-997122E53B8D}.ReleaseMinDependency|Itanium.Build.0 = ReleaseWithoutAsm|Itanium
		{8FD826F8-3739-44E6-8CC8-997122E53B8D}.ReleaseMinDependency|x64.ActiveCfg = Release|x64
		{8FD826F8-3739-44E6-8CC8-997122E53B8D}.ReleaseMinDependency|x64.Build.0 = Release|x64
		{8FD826F8-3739-44E6-8CC8-997122E53B8D}.ReleaseMinDependency|x86.ActiveCfg = Release|Win32
		{8FD826F8-3739-44E6-8CC8-997122E53B8D}.ReleaseMinDependency|x86.Build.0 = Release|Win32
		{8FD826F8-3739-44E6-8CC8-997122E53B8D}.ReleaseWithoutAsm|Itanium.ActiveCfg = ReleaseWithoutAsm|Itanium
		{8FD826F8-3739-44E6-8CC8-997122E53B8D}.ReleaseWithoutAsm|Itanium.Build.0 = ReleaseWithoutAsm|Itanium
		{8FD826F8-3739-44E6-8CC8-997122E53B8D}.ReleaseWithoutAsm|x64.ActiveCfg = ReleaseWithoutAsm|x64
		{8FD826F8-3739-44E6-8CC8-997122E53B8D}.ReleaseWithoutAsm|x64.Build.0 = ReleaseWithoutAsm|x64
		{8FD826F8-3739-44E6-8CC8-997122E53B8D}.ReleaseWithoutAsm|x86.ActiveCfg = ReleaseWithoutAsm|Win32
		{8FD826F8-3739-44E6-8CC8-997122E53B8D}.ReleaseWithoutAsm|x86.Build.0 = ReleaseWithoutAsm|Win32
		{8FD826F8-3739-44E6-8CC8-997122E53B8D}.RelWithDebInfo|Itanium.ActiveCfg = ReleaseWithoutAsm|Itanium
		{8FD826F8-3739-44E6-8CC8-997122E53B8D}.RelWithDebInfo|Itanium.Build.0 = ReleaseWithoutAsm|Itanium
		{8FD826F8-3739-44E6-8CC8-997122E53B8D}.RelWithDebInfo|x64.ActiveCfg = Release|x64
		{8FD826F8-3739-44E6-8CC8-997122E53B8D}.RelWithDebInfo|x64.Build.0 = Release|x64
		{8FD826F8-3739-44E6-8CC8-997122E53B8D}.RelWithDebInfo|x86.ActiveCfg = Release|Win32
		{8FD826F8-3739-44E6-8CC8-997122E53B8D}.RelWithDebInfo|x86.Build.0 = Release|Win32
		{8FD826F8-3739-44E6-8CC8-997122E53B8D}.Template|Itanium.ActiveCfg = ReleaseWithoutAsm|Itanium
		{8FD826F8-3739-44E6-8CC8-997122E53B8D}.Template|Itanium.Build.0 = ReleaseWithoutAsm|Itanium
		{8FD826F8-3739-44E6-8CC8-997122E53B8D}.Template|x64.ActiveCfg = Release|x64
		{8FD826F8-3739-44E6-8CC8-997122E53B8D}.Template|x64.Build.0 = Release|x64
		{8FD826F8-3739-44E6-8CC8-997122E53B8D}.Template|x86.ActiveCfg = Release|Win32
		{8FD826F8-3739-44E6-8CC8-997122E53B8D}.Template|x86.Build.0 = Release|Win32
		{7DA64F11-3171-34B2-B9AB-4A572892314D}.Debug|Itanium.ActiveCfg = Debug|Win32
		{7DA64F11-3171-34B2-B9AB-4A572892314D}.Debug|x64.ActiveCfg = Debug|x64
		{7DA64F11-3171-34B2-B9AB-4A572892314D}.Debug|x86.ActiveCfg = Debug|Win32
		{7DA64F11-3171-34B2-B9AB-4A572892314D}.Debug|x86.Build.0 = Debug|Win32
		{7DA64F11-3171-34B2-B9AB-4A572892314D}.MinSizeRel|Itanium.ActiveCfg = MinSizeRel|Win32
		{7DA64F11-3171-34B2-B9AB-4A572892314D}.MinSizeRel|x64.ActiveCfg = MinSizeRel|Win32
		{7DA64F11-3171-34B2-B9AB-4A572892314D}.MinSizeRel|x86.ActiveCfg = MinSizeRel|Win32
		{7DA64F11-3171-34B2-B9AB-4A572892314D}.MinSizeRel|x86.Build.0 = MinSizeRel|Win32
		{7DA64F11-3171-34B2-B9AB-4A572892314D}.Release|Itanium.ActiveCfg = Release|Win32
		{7DA64F11-3171-34B2-B9AB-4A572892314D}.Release|x64.ActiveCfg = Release|x64
		{7DA64F11-3171-34B2-B9AB-4A572892314D}.Release|x64.Build.0 = Release|x64
		{7DA64F11-3171-34B2-B9AB-4A572892314D}.Release|x86.ActiveCfg = Release|Win32
		{7DA64F11-3171-34B2-B9AB-4A572892314D}.Release|x86.Build.0 = Release|Win32
		{7DA64F11-3171-34B2-B9AB-4A572892314D}.ReleaseMinDependency|Itanium.ActiveCfg = Release|Win32
		{7DA64F11-3171-34B2-B9AB-4A572892314D}.ReleaseMinDependency|Itanium.Build.0 = Release|Win32
		{7DA64F11-3171-34B2-B9AB-4A572892314D}.ReleaseMinDependency|x64.ActiveCfg = Release|Win32
		{7DA64F11-3171-34B2-B9AB-4A572892314D}.ReleaseMinDependency|x64.Build.0 = Release|Win32
		{7DA64F11-3171-34B2-B9AB-4A572892314D}.ReleaseMinDependency|x86.ActiveCfg = Release|Win32
		{7DA64F11-3171-34B2-B9AB-4A572892314D}.ReleaseMinDependency|x86.Build.0 = Release|Win32
		{7DA64F11-3171-34B2-B9AB-4A572892314D}.ReleaseWithoutAsm|Itanium.ActiveCfg = Release|Win32
		{7DA64F11-3171-34B2-B9AB-4A572892314D}.ReleaseWithoutAsm|Itanium.Build.0 = Release|Win32
		{7DA64F11-3171-34B2-B9AB-4A572892314D}.ReleaseWithoutAsm|x64.ActiveCfg = Release|Win32
		{7DA64F11-3171-34B2-B9AB-4A572892314D}.ReleaseWithoutAsm|x64.Build.0 = Release|Win32
		{7DA64F11-3171-34B2-B9AB-4A572892314D}.ReleaseWithoutAsm|x86.ActiveCfg = Release|Win32
		{7DA64F11-3171-34B2-B9AB-4A572892314D}.ReleaseWithoutAsm|x86.Build.0 = Release|Win32
		{7DA64F11-3171-34B2-B9AB-4A572892314D}.RelWithDebInfo|Itanium.ActiveCfg = RelWithDebInfo|Win32
		{7DA64F11-3171-34B2-B9AB-4A572892314D}.RelWithDebInfo|x64.ActiveCfg = RelWithDebInfo|Win32
		{7DA64F11-3171-34B2-B9AB-4A572892314D}.RelWithDebInfo|x86.ActiveCfg = RelWithDebInfo|Win32
		{7DA64F11-3171-34B2-B9AB-4A572892314D}.RelWithDebInfo|x86.Build.0 = RelWithDebInfo|Win32
		{7DA64F11-3171-34B2-B9AB-4A572892314D}.Template|Itanium.ActiveCfg = Release|Win32
		{7DA64F11-3171-34B2-B9AB-4A572892314D}.Template|Itanium.Build.0 = Release|Win32
		{7DA64F11-3171-34B2-B9AB-4A572892314D}.Template|x64.ActiveCfg = Release|Win32
		{7DA64F11-3171-34B2-B9AB-4A572892314D}.Template|x64.Build.0 = Release|Win32
		{7DA64F11-3171-34B2-B9AB-4A572892314D}.Template|x86.ActiveCfg = Release|Win32
		{7DA64F11-3171-34B2-B9AB-4A572892314D}.Template|x86.Build.0 = Release|Win32
		{4CEFBC83-C215-11DB-8314-0800200C9A66}.Debug|Itanium.ActiveCfg = Debug|Win32
		{4CEFBC83-C215-11DB-8314-0800200C9A66}.Debug|x64.ActiveCfg = Debug|x64
		{4CEFBC83-C215-11DB-8314-0800200C9A66}.Debug|x64.Build.0 = Debug|x64
		{4CEFBC83-C215-11DB-8314-0800200C9A66}.Debug|x86.ActiveCfg = Debug|Win32
		{4CEFBC83-C215-11DB-8314-0800200C9A66}.Debug|x86.Build.0 = Debug|Win32
		{4CEFBC83-C215-11DB-8314-0800200C9A66}.MinSizeRel|Itanium.ActiveCfg = Release|x64
		{4CEFBC83-C215-11DB-8314-0800200C9A66}.MinSizeRel|Itanium.Build.0 = Release|x64
		{4CEFBC83-C215-11DB-8314-0800200C9A66}.MinSizeRel|x64.ActiveCfg = Release|x64
		{4CEFBC83-C215-11DB-8314-0800200C9A66}.MinSizeRel|x64.Build.0 = Release|x64
		{4CEFBC83-C215-11DB-8314-0800200C9A66}.MinSizeRel|x86.ActiveCfg = Release|Win32
		{4CEFBC83-C215-11DB-8314-0800200C9A66}.MinSizeRel|x86.Build.0 = Release|Win32
		{4CEFBC83-C215-11DB-8314-0800200C9A66}.Release|Itanium.ActiveCfg = Release|Win32
		{4CEFBC83-C215-11DB-8314-0800200C9A66}.Release|x64.ActiveCfg = Release|x64
		{4CEFBC83-C215-11DB-8314-0800200C9A66}.Release|x64.Build.0 = Release|x64
		{4CEFBC83-C215-11DB-8314-0800200C9A66}.Release|x86.ActiveCfg = Release|Win32
		{4CEFBC83-C215-11DB-8314-0800200C9A66}.Release|x86.Build.0 = Release|Win32
		{4CEFBC83-C215-11DB-8314-0800200C9A66}.ReleaseMinDependency|Itanium.ActiveCfg = Release|x64
		{4CEFBC83-C215-11DB-8314-0800200C9A66}.ReleaseMinDependency|Itanium.Build.0 = Release|x64
		{4CEFBC83-C215-11DB-8314-0800200C9A66}.ReleaseMinDependency|x64.ActiveCfg = Release|x64
		{4CEFBC83-C215-11DB-8314-0800200C9A66}.ReleaseMinDependency|x64.Build.0 = Release|x64
		{4CEFBC83-C215-11DB-8314-0800200C9A66}.ReleaseMinDependency|x86.ActiveCfg = Release|Win32
		{4CEFBC83-C215-11DB-8314-0800200C9A66}.ReleaseMinDependency|x86.Build.0 = Release|Win32
		{4CEFBC83-C215-11DB-8314-0800200C9A66}.ReleaseWithoutAsm|Itanium.ActiveCfg = Release|x64
		{4CEFBC83-C215-11DB-8314-0800200C9A66}.ReleaseWithoutAsm|Itanium.Build.0 = Release|x64
		{4CEFBC83-C215-11DB-8314-0800200C9A66}.ReleaseWithoutAsm|x64.ActiveCfg = Release|x64
		{4CEFBC83-C215-11DB-8314-0800200C9A66}.ReleaseWithoutAsm|x64.Build.0 = Release|x64
		{4CEFBC83-C215-11DB-8314-0800200C9A66}.ReleaseWithoutAsm|x86.ActiveCfg = Release|Win32
		{4CEFBC83-C215-11DB-8314-0800200C9A66}.ReleaseWithoutAsm|x86.Build.0 = Release|Win32
		{4CEFBC83-C215-11DB-8314-0800200C9A66}.RelWithDebInfo|Itanium.ActiveCfg = Release|x64
		{4CEFBC83-C215-11DB-8314-0800200C9A66}.RelWithDebInfo|Itanium.Build.0 = Release|x64
		{4CEFBC83-C215-11DB-8314-0800200C9A66}.RelWithDebInfo|x64.ActiveCfg = Release|x64
		{4CEFBC83-C215-11DB-8314-0800200C9A66}.RelWithDebInfo|x64.Build.0 = Release|x64
		{4CEFBC83-C215-11DB-8314-0800200C9A66}.RelWithDebInfo|x86.ActiveCfg = Release|Win32
		{4CEFBC83-C215-11DB-8314-0800200C9A66}.RelWithDebInfo|x86.Build.0 = Release|Win32
		{4CEFBC83-C215-11DB-8314-0800200C9A66}.Template|Itanium.ActiveCfg = Release|x64
		{4CEFBC83-C215-11DB-8314-0800200C9A66}.Template|Itanium.Build.0 = Release|x64
		{4CEFBC83-C215-11DB-8314-0800200C9A66}.Template|x64.ActiveCfg = Release|x64
		{4CEFBC83-C215-11DB-8314-0800200C9A66}.Template|x64.Build.0 = Release|x64
		{4CEFBC83-C215-11DB-8314-0800200C9A66}.Template|x86.ActiveCfg = Release|Win32
		{4CEFBC83-C215-11DB-8314-0800200C9A66}.Template|x86.Build.0 = Release|Win32
	EndGlobalSection
	GlobalSection(SolutionProperties) = preSolution
		HideSolutionNode = FALSE
	EndGlobalSection
EndGlobal
